
Microsoft Visual Studio Solution File, Format Version 12.00
# Visual Studio 15
VisualStudioVersion = 15.0.28307.168
MinimumVisualStudioVersion = 10.0.40219.1
Project("{FAE04EC0-301F-11D3-BF4B-00C04F79EFBC}") = "StringParser", "StringParser\StringParser.csproj", "{11C89DBC-484D-4122-8F64-98EF3D7DE38E}"
EndProject
Global
	GlobalSection(SolutionConfigurationPlatforms) = preSolution
		Debug|Any CPU = Debug|Any CPU
		Release|Any CPU = Release|Any CPU
	EndGlobalSection
	GlobalSection(ProjectConfigurationPlatforms) = postSolution
		{11C89DBC-484D-4122-8F64-98EF3D7DE38E}.Debug|Any CPU.ActiveCfg = Debug|Any CPU
		{11C89DBC-484D-4122-8F64-98EF3D7DE38E}.Debug|Any CPU.Build.0 = Debug|Any CPU
		{11C89DBC-484D-4122-8F64-98EF3D7DE38E}.Release|Any CPU.ActiveCfg = Release|Any CPU
		{11C89DBC-484D-4122-8F64-98EF3D7DE38E}.Release|Any CPU.Build.0 = Release|Any CPU
	EndGlobalSection
	GlobalSection(SolutionProperties) = preSolution
		HideSolutionNode = FALSE
	EndGlobalSection
	GlobalSection(ExtensibilityGlobals) = postSolution
		SolutionGuid = {52EF1AAA-3EAE-48AB-B2AC-BB5AAC31ED19}
	EndGlobalSection
EndGlobal
